{
    "_meta": {
        "hash": {
            "sha256": "2e9ec6e7f62659bb0b12f46d4df66d2d9586d30d66e677b733ab8e1ca2cd023b"
        },
        "pipfile-spec": 6,
        "requires": {
            "python_version": "3.10"
        },
        "sources": [
            {
                "name": "pypi",
                "url": "https://pypi.org/simple",
                "verify_ssl": true
            }
        ]
    },
    "default": {
        "emoji": {
            "hashes": [
                "sha256:56a8c5e906c11694eb7694b78e5452d745030869b3945f6306a8151ff5cdbc39"
            ],
            "index": "pypi",
            "version": "==2.1.0"
        },
        "grpcio": {
            "hashes": [
                "sha256:00258cbe3f5188629828363ae8ff78477ce976a6f63fb2bb5e90088396faa82e",
                "sha256:092fa155b945015754bdf988be47793c377b52b88d546e45c6a9f9579ac7f7b6",
                "sha256:0f80bf37f09e1caba6a8063e56e2b87fa335add314cf2b78ebf7cb45aa7e3d06",
                "sha256:20ec6fc4ad47d1b6e12deec5045ec3cd5402d9a1597f738263e98f490fe07056",
                "sha256:2313b124e475aa9017a9844bdc5eafb2d5abdda9d456af16fc4535408c7d6da6",
                "sha256:23e7d8849a0e58b806253fd206ac105b328171e01b8f18c7d5922274958cc87e",
                "sha256:2f708a6a17868ad8bf586598bee69abded4996b18adf26fd2d91191383b79019",
                "sha256:2f7349786da979a94690cc5c2b804cab4e8774a3cf59be40d037c4342c906649",
                "sha256:34950353539e7d93f61c6796a007c705d663f3be41166358e3d88c45760c7d98",
                "sha256:40b72effd4c789de94ce1be2b5f88d7b9b5f7379fe9645f198854112a6567d9a",
                "sha256:4b089f7ad1eb00a104078bab8015b0ed0ebcb3b589e527ab009c53893fd4e613",
                "sha256:4faea2cfdf762a664ab90589b66f416274887641ae17817de510b8178356bf73",
                "sha256:5371bcd861e679d63b8274f73ac281751d34bd54eccdbfcd6aa00e692a82cd7b",
                "sha256:5613a2fecc82f95d6c51d15b9a72705553aa0d7c932fad7aed7afb51dc982ee5",
                "sha256:57b183e8b252825c4dd29114d6c13559be95387aafc10a7be645462a0fc98bbb",
                "sha256:5b7a4ce8f862fe32b2a10b57752cf3169f5fe2915acfe7e6a1e155db3da99e79",
                "sha256:5e5b58e32ae14658085c16986d11e99abd002ddbf51c8daae8a0671fffb3467f",
                "sha256:60fe15288a0a65d5c1cb5b4a62b1850d07336e3ba728257a810317be14f0c527",
                "sha256:6907b1cf8bb29b058081d2aad677b15757a44ef2d4d8d9130271d2ad5e33efca",
                "sha256:76c44efa4ede1f42a9d5b2fed1fe9377e73a109bef8675fb0728eb80b0b8e8f2",
                "sha256:7a635589201b18510ff988161b7b573f50c6a48fae9cb567657920ca82022b37",
                "sha256:7b400807fa749a9eb286e2cd893e501b110b4d356a218426cb9c825a0474ca56",
                "sha256:82640e57fb86ea1d71ea9ab54f7e942502cf98a429a200b2e743d8672171734f",
                "sha256:871f9999e0211f9551f368612460442a5436d9444606184652117d6a688c9f51",
                "sha256:9338bacf172e942e62e5889b6364e56657fbf8ac68062e8b25c48843e7b202bb",
                "sha256:a8a8e560e8dbbdf29288872e91efd22af71e88b0e5736b0daf7773c1fecd99f0",
                "sha256:aed90d93b731929e742967e236f842a4a2174dc5db077c8f9ad2c5996f89f63e",
                "sha256:b363bbb5253e5f9c23d8a0a034dfdf1b7c9e7f12e602fc788c435171e96daccc",
                "sha256:b4098b6b638d9e0ca839a81656a2fd4bc26c9486ea707e8b1437d6f9d61c3941",
                "sha256:b53333627283e7241fcc217323f225c37783b5f0472316edcaa4479a213abfa6",
                "sha256:b670c2faa92124b7397b42303e4d8eb64a4cd0b7a77e35a9e865a55d61c57ef9",
                "sha256:bb396952cfa7ad2f01061fbc7dc1ad91dd9d69243bcb8110cf4e36924785a0fe",
                "sha256:c60b83c43faeb6d0a9831f0351d7787a0753f5087cc6fa218d78fdf38e5acef0",
                "sha256:c6ebecfb7a31385393203eb04ed8b6a08f5002f53df3d59e5e795edb80999652",
                "sha256:d78d8b86fcdfa1e4c21f8896614b6cc7ee01a2a758ec0c4382d662f2a62cf766",
                "sha256:d7f8df114d6b4cf5a916b98389aeaf1e3132035420a88beea4e3d977e5f267a5",
                "sha256:e1cb52fa2d67d7f7fab310b600f22ce1ff04d562d46e9e0ac3e3403c2bb4cc16",
                "sha256:e3fdf04e402f12e1de8074458549337febb3b45f21076cc02ef4ff786aff687e",
                "sha256:e503cb45ed12b924b5b988ba9576dc9949b2f5283b8e33b21dcb6be74a7c58d0",
                "sha256:f19ac6ac0a256cf77d3cc926ef0b4e64a9725cc612f97228cd5dc4bd9dbab03b",
                "sha256:f1fb0fd4a1e9b11ac21c30c169d169ef434c6e9344ee0ab27cfa6f605f6387b2",
                "sha256:fada6b07ec4f0befe05218181f4b85176f11d531911b64c715d1875c4736d73a",
                "sha256:fd173b4cf02b20f60860dc2ffe30115c18972d7d6d2d69df97ac38dee03be5bf",
                "sha256:fe752639919aad9ffb0dee0d87f29a6467d1ef764f13c4644d212a9a853a078d",
                "sha256:fee387d2fab144e8a34e0e9c5ca0f45c9376b99de45628265cfa9886b1dbe62b"
            ],
            "index": "pypi",
            "version": "==1.57.0"
        }
    },
    "develop": {
        "exceptiongroup": {
            "hashes": [
                "sha256:097acd85d473d75af5bb98e41b61ff7fe35efe6675e4f9370ec6ec5126d160e9",
                "sha256:343280667a4585d195ca1cf9cef84a4e178c4b6cf2274caef9859782b567d5e3"
            ],
            "index": "pypi",
            "version": "==1.1.3"
        },
        "iniconfig": {
            "hashes": [
                "sha256:2d91e135bf72d31a410b17c16da610a82cb55f6b0477d1a902134b24a455b8b3",
                "sha256:b6a85871a79d2e3b22d2d1b94ac2824226a63c6b741c88f7ae975f18b6778374"
            ],
            "markers": "python_version >= '3.7'",
            "version": "==2.0.0"
        },
        "packaging": {
            "hashes": [
                "sha256:994793af429502c4ea2ebf6bf664629d07c1a9fe974af92966e4b8d2df7edc61",
                "sha256:a392980d2b6cffa644431898be54b0045151319d1e7ec34f0cfed48767dd334f"
            ],
            "markers": "python_version >= '3.7'",
            "version": "==23.1"
        },
        "pluggy": {
            "hashes": [
                "sha256:c2fd55a7d7a3863cba1a013e4e2414658b1d07b6bc57b3919e0c63c9abb99849",
                "sha256:d12f0c4b579b15f5e054301bb226ee85eeeba08ffec228092f8defbaa3a4c4b3"
            ],
            "markers": "python_version >= '3.7'",
            "version": "==1.2.0"
        },
        "pytest": {
            "hashes": [
                "sha256:78bf16451a2eb8c7a2ea98e32dc119fd2aa758f1d5d66dbf0a59d69a3969df32",
                "sha256:b4bf8c45bd59934ed84001ad51e11b4ee40d40a1229d2c79f9c592b0a3f6bd8a"
            ],
            "index": "pypi",
            "version": "==7.4.0"
        }
    }
}
